PODS:
  - JomloTableView (0.2.1)
  - TwitterCore (3.2.0)
  - TwitterKit (3.4.2):
    - TwitterCore (>= 3.2.0)

DEPENDENCIES:
  - JomloTableView (from `../`)
  - TwitterKit

SPEC REPOS:
  trunk:
    - TwitterCore
    - TwitterKit

EXTERNAL SOURCES:
  JomloTableView:
    :path: "../"

SPEC CHECKSUMS:
  JomloTableView: d5eeee6b5ecb18ad7ea865fffce303edb038a579
  TwitterCore: 8cbc9ad34d91c63a0035ea05bfbfc0d7ca72a28c
  TwitterKit: 5e4f41d70b9abdb41df5467f52d7aa2c0fd26ebb

PODFILE CHECKSUM: 9dbb4004804d35769d24e1473b97c53ee99ab8b4

COCOAPODS: 1.12.0
